// !$*UTF8*$!
{
	archiveVersion = 1;
	classes = {
	};
	objectVersion = 50;
	objects = {

/* Begin PBXBuildFile section */
		8E0333BA24B0638F00A399D0 /* AppDelegate.swift in Sources */ = {isa = PBXBuildFile; fileRef = 8E0333B924B0638F00A399D0 /* AppDelegate.swift */; };
		8E0333BC24B0638F00A399D0 /* SceneDelegate.swift in Sources */ = {isa = PBXBuildFile; fileRef = 8E0333BB24B0638F00A399D0 /* SceneDelegate.swift */; };
		8E0333BE24B0638F00A399D0 /* ContentView.swift in Sources */ = {isa = PBXBuildFile; fileRef = 8E0333BD24B0638F00A399D0 /* ContentView.swift */; };
		8E0333C024B0639000A399D0 /* Assets.xcassets in Resources */ = {isa = PBXBuildFile; fileRef = 8E0333BF24B0639000A399D0 /* Assets.xcassets */; };
		8E0333C324B0639000A399D0 /* Preview Assets.xcassets in Resources */ = {isa = PBXBuildFile; fileRef = 8E0333C224B0639000A399D0 /* Preview Assets.xcassets */; };
		8E0333C624B0639000A399D0 /* LaunchScreen.storyboard in Resources */ = {isa = PBXBuildFile; fileRef = 8E0333C424B0639000A399D0 /* LaunchScreen.storyboard */; };
		8E0333D124B0639000A399D0 /* NGenTodoTests.swift in Sources */ = {isa = PBXBuildFile; fileRef = 8E0333D024B0639000A399D0 /* NGenTodoTests.swift */; };
		8E12FA7B24F790A7006133F0 /* TodoListSideMenuViewModel.swift in Sources */ = {isa = PBXBuildFile; fileRef = 8E12FA7A24F790A7006133F0 /* TodoListSideMenuViewModel.swift */; };
		8E1A8F182505CF07003E4024 /* TodoItemListCellViewModel.swift in Sources */ = {isa = PBXBuildFile; fileRef = 8E1A8F172505CF07003E4024 /* TodoItemListCellViewModel.swift */; };
		8E2DD2FE250F54AF00B9E013 /* PointData+CoreDataClass.swift in Sources */ = {isa = PBXBuildFile; fileRef = 8E2DD2FC250F54AF00B9E013 /* PointData+CoreDataClass.swift */; };
		8E2DD2FF250F54AF00B9E013 /* PointData+CoreDataProperties.swift in Sources */ = {isa = PBXBuildFile; fileRef = 8E2DD2FD250F54AF00B9E013 /* PointData+CoreDataProperties.swift */; };
		8E5351E124B5D1A200ACBFA8 /* NGenTodo.xcdatamodeld in Sources */ = {isa = PBXBuildFile; fileRef = 8E5351DF24B5D1A100ACBFA8 /* NGenTodo.xcdatamodeld */; };
		8E735D2C24F63D2B0078FA65 /* UserDefaultsService.swift in Sources */ = {isa = PBXBuildFile; fileRef = 8E735D2B24F63D2B0078FA65 /* UserDefaultsService.swift */; };
		8E8F73A624E23C3900761345 /* TodoListSideMenu.swift in Sources */ = {isa = PBXBuildFile; fileRef = 8E8F73A524E23C3900761345 /* TodoListSideMenu.swift */; };
		8EB8343425106E6700C0BAE1 /* MainTabBarView.swift in Sources */ = {isa = PBXBuildFile; fileRef = 8EB8343325106E6700C0BAE1 /* MainTabBarView.swift */; };
		8EB8343625106E9300C0BAE1 /* StatisticView.swift in Sources */ = {isa = PBXBuildFile; fileRef = 8EB8343525106E9300C0BAE1 /* StatisticView.swift */; };
		8EC9D5A624EFD00800F41426 /* DarkModeModel.swift in Sources */ = {isa = PBXBuildFile; fileRef = 8EC9D5A524EFD00800F41426 /* DarkModeModel.swift */; };
		8ECC31BB24D8077200C5D001 /* TodoItemListCellView.swift in Sources */ = {isa = PBXBuildFile; fileRef = 8ECC31BA24D8077200C5D001 /* TodoItemListCellView.swift */; };
		8EEB97B524C342BA004ABDBF /* CoreDataService.swift in Sources */ = {isa = PBXBuildFile; fileRef = 8EEB97B424C342BA004ABDBF /* CoreDataService.swift */; };
		8EEB97B824C3453E004ABDBF /* TodoListViewModel.swift in Sources */ = {isa = PBXBuildFile; fileRef = 8EEB97B724C3453E004ABDBF /* TodoListViewModel.swift */; };
		8EEB97BB24C351DA004ABDBF /* InputTodoViewModel.swift in Sources */ = {isa = PBXBuildFile; fileRef = 8EEB97BA24C351DA004ABDBF /* InputTodoViewModel.swift */; };
		8EF6C6C724B312E60008CF70 /* FloatingButtonView.swift in Sources */ = {isa = PBXBuildFile; fileRef = 8EF6C6C624B312E60008CF70 /* FloatingButtonView.swift */; };
		8EF6C6CB24B314EA0008CF70 /* InputTodoView.swift in Sources */ = {isa = PBXBuildFile; fileRef = 8EF6C6CA24B314EA0008CF70 /* InputTodoView.swift */; };
		8EFE300724C1B873001F46F4 /* TodoData+CoreDataClass.swift in Sources */ = {isa = PBXBuildFile; fileRef = 8EFE300524C1B873001F46F4 /* TodoData+CoreDataClass.swift */; };
		8EFE300824C1B873001F46F4 /* TodoData+CoreDataProperties.swift in Sources */ = {isa = PBXBuildFile; fileRef = 8EFE300624C1B873001F46F4 /* TodoData+CoreDataProperties.swift */; };
		926DB0DD24B0C26F00130FF6 /* TodoItemListView.swift in Sources */ = {isa = PBXBuildFile; fileRef = 926DB0DC24B0C26F00130FF6 /* TodoItemListView.swift */; };
/* End PBXBuildFile section */

/* Begin PBXContainerItemProxy section */
		8E0333CD24B0639000A399D0 /* PBXContainerItemProxy */ = {
			isa = PBXContainerItemProxy;
			containerPortal = 8E0333AE24B0638F00A399D0 /* Project object */;
			proxyType = 1;
			remoteGlobalIDString = 8E0333B524B0638F00A399D0;
			remoteInfo = NGenTodo;
		};
/* End PBXContainerItemProxy section */

/* Begin PBXFileReference section */
		8E0333B624B0638F00A399D0 /* NGenTodo.app */ = {isa = PBXFileReference; explicitFileType = wrapper.application; includeInIndex = 0; path = NGenTodo.app; sourceTree = BUILT_PRODUCTS_DIR; };
		8E0333B924B0638F00A399D0 /* AppDelegate.swift */ = {isa = PBXFileReference; lastKnownFileType = sourcecode.swift; path = AppDelegate.swift; sourceTree = "<group>"; };
		8E0333BB24B0638F00A399D0 /* SceneDelegate.swift */ = {isa = PBXFileReference; lastKnownFileType = sourcecode.swift; path = SceneDelegate.swift; sourceTree = "<group>"; };
		8E0333BD24B0638F00A399D0 /* ContentView.swift */ = {isa = PBXFileReference; lastKnownFileType = sourcecode.swift; path = ContentView.swift; sourceTree = "<group>"; };
		8E0333BF24B0639000A399D0 /* Assets.xcassets */ = {isa = PBXFileReference; lastKnownFileType = folder.assetcatalog; path = Assets.xcassets; sourceTree = "<group>"; };
		8E0333C224B0639000A399D0 /* Preview Assets.xcassets */ = {isa = PBXFileReference; lastKnownFileType = folder.assetcatalog; path = "Preview Assets.xcassets"; sourceTree = "<group>"; };
		8E0333C524B0639000A399D0 /* Base */ = {isa = PBXFileReference; lastKnownFileType = file.storyboard; name = Base; path = Base.lproj/LaunchScreen.storyboard; sourceTree = "<group>"; };
		8E0333C724B0639000A399D0 /* Info.plist */ = {isa = PBXFileReference; lastKnownFileType = text.plist.xml; path = Info.plist; sourceTree = "<group>"; };
		8E0333CC24B0639000A399D0 /* NGenTodoTests.xctest */ = {isa = PBXFileReference; explicitFileType = wrapper.cfbundle; includeInIndex = 0; path = NGenTodoTests.xctest; sourceTree = BUILT_PRODUCTS_DIR; };
		8E0333D024B0639000A399D0 /* NGenTodoTests.swift */ = {isa = PBXFileReference; lastKnownFileType = sourcecode.swift; path = NGenTodoTests.swift; sourceTree = "<group>"; };
		8E0333D224B0639000A399D0 /* Info.plist */ = {isa = PBXFileReference; lastKnownFileType = text.plist.xml; path = Info.plist; sourceTree = "<group>"; };
		8E12FA7A24F790A7006133F0 /* TodoListSideMenuViewModel.swift */ = {isa = PBXFileReference; lastKnownFileType = sourcecode.swift; path = TodoListSideMenuViewModel.swift; sourceTree = "<group>"; };
		8E1A8F172505CF07003E4024 /* TodoItemListCellViewModel.swift */ = {isa = PBXFileReference; lastKnownFileType = sourcecode.swift; path = TodoItemListCellViewModel.swift; sourceTree = "<group>"; };
		8E2DD2FC250F54AF00B9E013 /* PointData+CoreDataClass.swift */ = {isa = PBXFileReference; lastKnownFileType = sourcecode.swift; path = "PointData+CoreDataClass.swift"; sourceTree = "<group>"; };
		8E2DD2FD250F54AF00B9E013 /* PointData+CoreDataProperties.swift */ = {isa = PBXFileReference; lastKnownFileType = sourcecode.swift; path = "PointData+CoreDataProperties.swift"; sourceTree = "<group>"; };
		8E5351E024B5D1A200ACBFA8 /* Model.xcdatamodel */ = {isa = PBXFileReference; lastKnownFileType = wrapper.xcdatamodel; path = Model.xcdatamodel; sourceTree = "<group>"; };
		8E735D2B24F63D2B0078FA65 /* UserDefaultsService.swift */ = {isa = PBXFileReference; lastKnownFileType = sourcecode.swift; path = UserDefaultsService.swift; sourceTree = "<group>"; };
		8E8F73A524E23C3900761345 /* TodoListSideMenu.swift */ = {isa = PBXFileReference; lastKnownFileType = sourcecode.swift; path = TodoListSideMenu.swift; sourceTree = "<group>"; };
		8EB8343325106E6700C0BAE1 /* MainTabBarView.swift */ = {isa = PBXFileReference; lastKnownFileType = sourcecode.swift; path = MainTabBarView.swift; sourceTree = "<group>"; };
		8EB8343525106E9300C0BAE1 /* StatisticView.swift */ = {isa = PBXFileReference; lastKnownFileType = sourcecode.swift; path = StatisticView.swift; sourceTree = "<group>"; };
		8EC9D5A524EFD00800F41426 /* DarkModeModel.swift */ = {isa = PBXFileReference; lastKnownFileType = sourcecode.swift; path = DarkModeModel.swift; sourceTree = "<group>"; };
		8ECC31BA24D8077200C5D001 /* TodoItemListCellView.swift */ = {isa = PBXFileReference; lastKnownFileType = sourcecode.swift; path = TodoItemListCellView.swift; sourceTree = "<group>"; };
		8EEB97B424C342BA004ABDBF /* CoreDataService.swift */ = {isa = PBXFileReference; lastKnownFileType = sourcecode.swift; path = CoreDataService.swift; sourceTree = "<group>"; };
		8EEB97B724C3453E004ABDBF /* TodoListViewModel.swift */ = {isa = PBXFileReference; lastKnownFileType = sourcecode.swift; path = TodoListViewModel.swift; sourceTree = "<group>"; };
		8EEB97BA24C351DA004ABDBF /* InputTodoViewModel.swift */ = {isa = PBXFileReference; lastKnownFileType = sourcecode.swift; path = InputTodoViewModel.swift; sourceTree = "<group>"; };
		8EF6C6C624B312E60008CF70 /* FloatingButtonView.swift */ = {isa = PBXFileReference; lastKnownFileType = sourcecode.swift; path = FloatingButtonView.swift; sourceTree = "<group>"; };
		8EF6C6CA24B314EA0008CF70 /* InputTodoView.swift */ = {isa = PBXFileReference; lastKnownFileType = sourcecode.swift; path = InputTodoView.swift; sourceTree = "<group>"; };
		8EFE300524C1B873001F46F4 /* TodoData+CoreDataClass.swift */ = {isa = PBXFileReference; lastKnownFileType = sourcecode.swift; path = "TodoData+CoreDataClass.swift"; sourceTree = "<group>"; };
		8EFE300624C1B873001F46F4 /* TodoData+CoreDataProperties.swift */ = {isa = PBXFileReference; lastKnownFileType = sourcecode.swift; path = "TodoData+CoreDataProperties.swift"; sourceTree = "<group>"; };
		926DB0DC24B0C26F00130FF6 /* TodoItemListView.swift */ = {isa = PBXFileReference; lastKnownFileType = sourcecode.swift; path = TodoItemListView.swift; sourceTree = "<group>"; };
/* End PBXFileReference section */

/* Begin PBXFrameworksBuildPhase section */
		8E0333B324B0638F00A399D0 /* Frameworks */ = {
			isa = PBXFrameworksBuildPhase;
			buildActionMask = 2147483647;
			files = (
			);
			runOnlyForDeploymentPostprocessing = 0;
		};
		8E0333C924B0639000A399D0 /* Frameworks */ = {
			isa = PBXFrameworksBuildPhase;
			buildActionMask = 2147483647;
			files = (
			);
			runOnlyForDeploymentPostprocessing = 0;
		};
/* End PBXFrameworksBuildPhase section */

/* Begin PBXGroup section */
		8E0333AD24B0638F00A399D0 = {
			isa = PBXGroup;
			children = (
				8E0333B824B0638F00A399D0 /* NGenTodo */,
				8E0333CF24B0639000A399D0 /* NGenTodoTests */,
				8E0333B724B0638F00A399D0 /* Products */,
			);
			sourceTree = "<group>";
		};
		8E0333B724B0638F00A399D0 /* Products */ = {
			isa = PBXGroup;
			children = (
				8E0333B624B0638F00A399D0 /* NGenTodo.app */,
				8E0333CC24B0639000A399D0 /* NGenTodoTests.xctest */,
			);
			name = Products;
			sourceTree = "<group>";
		};
		8E0333B824B0638F00A399D0 /* NGenTodo */ = {
			isa = PBXGroup;
			children = (
				8EEB97B924C34548004ABDBF /* ViewModel */,
				8EEB97B624C342BE004ABDBF /* Service */,
				926DB0DB24B0C25900130FF6 /* View */,
				8E53521324B5D54F00ACBFA8 /* Model */,
				8E0333B924B0638F00A399D0 /* AppDelegate.swift */,
				8E0333BB24B0638F00A399D0 /* SceneDelegate.swift */,
				8E0333BD24B0638F00A399D0 /* ContentView.swift */,
				8E0333BF24B0639000A399D0 /* Assets.xcassets */,
				8E0333C424B0639000A399D0 /* LaunchScreen.storyboard */,
				8E0333C724B0639000A399D0 /* Info.plist */,
				8E0333C124B0639000A399D0 /* Preview Content */,
				8E5351DF24B5D1A100ACBFA8 /* NGenTodo.xcdatamodeld */,
			);
			path = NGenTodo;
			sourceTree = "<group>";
		};
		8E0333C124B0639000A399D0 /* Preview Content */ = {
			isa = PBXGroup;
			children = (
				8E0333C224B0639000A399D0 /* Preview Assets.xcassets */,
			);
			path = "Preview Content";
			sourceTree = "<group>";
		};
		8E0333CF24B0639000A399D0 /* NGenTodoTests */ = {
			isa = PBXGroup;
			children = (
				8E0333D024B0639000A399D0 /* NGenTodoTests.swift */,
				8E0333D224B0639000A399D0 /* Info.plist */,
			);
			path = NGenTodoTests;
			sourceTree = "<group>";
		};
		8E53521324B5D54F00ACBFA8 /* Model */ = {
			isa = PBXGroup;
			children = (
				8E2DD2FC250F54AF00B9E013 /* PointData+CoreDataClass.swift */,
				8E2DD2FD250F54AF00B9E013 /* PointData+CoreDataProperties.swift */,
				8EFE300524C1B873001F46F4 /* TodoData+CoreDataClass.swift */,
				8EFE300624C1B873001F46F4 /* TodoData+CoreDataProperties.swift */,
				8EC9D5A524EFD00800F41426 /* DarkModeModel.swift */,
			);
			path = Model;
			sourceTree = "<group>";
		};
		8EEB97B624C342BE004ABDBF /* Service */ = {
			isa = PBXGroup;
			children = (
				8EEB97B424C342BA004ABDBF /* CoreDataService.swift */,
				8E735D2B24F63D2B0078FA65 /* UserDefaultsService.swift */,
			);
			path = Service;
			sourceTree = "<group>";
		};
		8EEB97B924C34548004ABDBF /* ViewModel */ = {
			isa = PBXGroup;
			children = (
				8EEB97B724C3453E004ABDBF /* TodoListViewModel.swift */,
				8EEB97BA24C351DA004ABDBF /* InputTodoViewModel.swift */,
				8E12FA7A24F790A7006133F0 /* TodoListSideMenuViewModel.swift */,
				8E1A8F172505CF07003E4024 /* TodoItemListCellViewModel.swift */,
			);
			path = ViewModel;
			sourceTree = "<group>";
		};
		926DB0DB24B0C25900130FF6 /* View */ = {
			isa = PBXGroup;
			children = (
				926DB0DC24B0C26F00130FF6 /* TodoItemListView.swift */,
				8EF6C6C624B312E60008CF70 /* FloatingButtonView.swift */,
				8EF6C6CA24B314EA0008CF70 /* InputTodoView.swift */,
				8ECC31BA24D8077200C5D001 /* TodoItemListCellView.swift */,
				8E8F73A524E23C3900761345 /* TodoListSideMenu.swift */,
				8EB8343325106E6700C0BAE1 /* MainTabBarView.swift */,
				8EB8343525106E9300C0BAE1 /* StatisticView.swift */,
			);
			path = View;
			sourceTree = "<group>";
		};
/* End PBXGroup section */

/* Begin PBXNativeTarget section */
		8E0333B524B0638F00A399D0 /* NGenTodo */ = {
			isa = PBXNativeTarget;
			buildConfigurationList = 8E0333D524B0639000A399D0 /* Build configuration list for PBXNativeTarget "NGenTodo" */;
			buildPhases = (
				8E0333B224B0638F00A399D0 /* Sources */,
				8E0333B324B0638F00A399D0 /* Frameworks */,
				8E0333B424B0638F00A399D0 /* Resources */,
			);
			buildRules = (
			);
			dependencies = (
			);
			name = NGenTodo;
			productName = NGenTodo;
			productReference = 8E0333B624B0638F00A399D0 /* NGenTodo.app */;
			productType = "com.apple.product-type.application";
		};
		8E0333CB24B0639000A399D0 /* NGenTodoTests */ = {
			isa = PBXNativeTarget;
			buildConfigurationList = 8E0333D824B0639000A399D0 /* Build configuration list for PBXNativeTarget "NGenTodoTests" */;
			buildPhases = (
				8E0333C824B0639000A399D0 /* Sources */,
				8E0333C924B0639000A399D0 /* Frameworks */,
				8E0333CA24B0639000A399D0 /* Resources */,
			);
			buildRules = (
			);
			dependencies = (
				8E0333CE24B0639000A399D0 /* PBXTargetDependency */,
			);
			name = NGenTodoTests;
			productName = NGenTodoTests;
			productReference = 8E0333CC24B0639000A399D0 /* NGenTodoTests.xctest */;
			productType = "com.apple.product-type.bundle.unit-test";
		};
/* End PBXNativeTarget section */

/* Begin PBXProject section */
		8E0333AE24B0638F00A399D0 /* Project object */ = {
			isa = PBXProject;
			attributes = {
				LastSwiftUpdateCheck = 1150;
				LastUpgradeCheck = 1150;
				ORGANIZATIONNAME = yamada.ryo;
				TargetAttributes = {
					8E0333B524B0638F00A399D0 = {
						CreatedOnToolsVersion = 11.5;
					};
					8E0333CB24B0639000A399D0 = {
						CreatedOnToolsVersion = 11.5;
						TestTargetID = 8E0333B524B0638F00A399D0;
					};
				};
			};
			buildConfigurationList = 8E0333B124B0638F00A399D0 /* Build configuration list for PBXProject "NGenTodo" */;
			compatibilityVersion = "Xcode 9.3";
			developmentRegion = en;
			hasScannedForEncodings = 0;
			knownRegions = (
				en,
				Base,
			);
			mainGroup = 8E0333AD24B0638F00A399D0;
			productRefGroup = 8E0333B724B0638F00A399D0 /* Products */;
			projectDirPath = "";
			projectRoot = "";
			targets = (
				8E0333B524B0638F00A399D0 /* NGenTodo */,
				8E0333CB24B0639000A399D0 /* NGenTodoTests */,
			);
		};
/* End PBXProject section */

/* Begin PBXResourcesBuildPhase section */
		8E0333B424B0638F00A399D0 /* Resources */ = {
			isa = PBXResourcesBuildPhase;
			buildActionMask = 2147483647;
			files = (
				8E0333C624B0639000A399D0 /* LaunchScreen.storyboard in Resources */,
				8E0333C324B0639000A399D0 /* Preview Assets.xcassets in Resources */,
				8E0333C024B0639000A399D0 /* Assets.xcassets in Resources */,
			);
			runOnlyForDeploymentPostprocessing = 0;
		};
		8E0333CA24B0639000A399D0 /* Resources */ = {
			isa = PBXResourcesBuildPhase;
			buildActionMask = 2147483647;
			files = (
			);
			runOnlyForDeploymentPostprocessing = 0;
		};
/* End PBXResourcesBuildPhase section */

/* Begin PBXSourcesBuildPhase section */
		8E0333B224B0638F00A399D0 /* Sources */ = {
			isa = PBXSourcesBuildPhase;
			buildActionMask = 2147483647;
			files = (
				8EF6C6C724B312E60008CF70 /* FloatingButtonView.swift in Sources */,
				8E8F73A624E23C3900761345 /* TodoListSideMenu.swift in Sources */,
				8E0333BA24B0638F00A399D0 /* AppDelegate.swift in Sources */,
				8EC9D5A624EFD00800F41426 /* DarkModeModel.swift in Sources */,
				926DB0DD24B0C26F00130FF6 /* TodoItemListView.swift in Sources */,
				8ECC31BB24D8077200C5D001 /* TodoItemListCellView.swift in Sources */,
				8E5351E124B5D1A200ACBFA8 /* NGenTodo.xcdatamodeld in Sources */,
				8E2DD2FE250F54AF00B9E013 /* PointData+CoreDataClass.swift in Sources */,
				8E1A8F182505CF07003E4024 /* TodoItemListCellViewModel.swift in Sources */,
				8EB8343625106E9300C0BAE1 /* StatisticView.swift in Sources */,
				8EEB97B824C3453E004ABDBF /* TodoListViewModel.swift in Sources */,
				8E0333BC24B0638F00A399D0 /* SceneDelegate.swift in Sources */,
				8E12FA7B24F790A7006133F0 /* TodoListSideMenuViewModel.swift in Sources */,
				8E2DD2FF250F54AF00B9E013 /* PointData+CoreDataProperties.swift in Sources */,
				8EEB97BB24C351DA004ABDBF /* InputTodoViewModel.swift in Sources */,
				8E0333BE24B0638F00A399D0 /* ContentView.swift in Sources */,
				8EF6C6CB24B314EA0008CF70 /* InputTodoView.swift in Sources */,
				8EB8343425106E6700C0BAE1 /* MainTabBarView.swift in Sources */,
				8E735D2C24F63D2B0078FA65 /* UserDefaultsService.swift in Sources */,
				8EEB97B524C342BA004ABDBF /* CoreDataService.swift in Sources */,
				8EFE300724C1B873001F46F4 /* TodoData+CoreDataClass.swift in Sources */,
				8EFE300824C1B873001F46F4 /* TodoData+CoreDataProperties.swift in Sources */,
			);
			runOnlyForDeploymentPostprocessing = 0;
		};
		8E0333C824B0639000A399D0 /* Sources */ = {
			isa = PBXSourcesBuildPhase;
			buildActionMask = 2147483647;
			files = (
				8E0333D124B0639000A399D0 /* NGenTodoTests.swift in Sources */,
			);
			runOnlyForDeploymentPostprocessing = 0;
		};
/* End PBXSourcesBuildPhase section */

/* Begin PBXTargetDependency section */
		8E0333CE24B0639000A399D0 /* PBXTargetDependency */ = {
			isa = PBXTargetDependency;
			target = 8E0333B524B0638F00A399D0 /* NGenTodo */;
			targetProxy = 8E0333CD24B0639000A399D0 /* PBXContainerItemProxy */;
		};
/* End PBXTargetDependency section */

/* Begin PBXVariantGroup section */
		8E0333C424B0639000A399D0 /* LaunchScreen.storyboard */ = {
			isa = PBXVariantGroup;
			children = (
				8E0333C524B0639000A399D0 /* Base */,
			);
			name = LaunchScreen.storyboard;
			sourceTree = "<group>";
		};
/* End PBXVariantGroup section */

/* Begin XCBuildConfiguration section */
		8E0333D324B0639000A399D0 /* Debug */ = {
			isa = XCBuildConfiguration;
			buildSettings = {
				ALWAYS_SEARCH_USER_PATHS = NO;
				CLANG_ANALYZER_NONNULL = YES;
				CLANG_ANALYZER_NUMBER_OBJECT_CONVERSION = YES_AGGRESSIVE;
				CLANG_CXX_LANGUAGE_STANDARD = "gnu++14";
				CLANG_CXX_LIBRARY = "libc++";
				CLANG_ENABLE_MODULES = YES;
				CLANG_ENABLE_OBJC_ARC = YES;
				CLANG_ENABLE_OBJC_WEAK = YES;
				CLANG_WARN_BLOCK_CAPTURE_AUTORELEASING = YES;
				CLANG_WARN_BOOL_CONVERSION = YES;
				CLANG_WARN_COMMA = YES;
				CLANG_WARN_CONSTANT_CONVERSION = YES;
				CLANG_WARN_DEPRECATED_OBJC_IMPLEMENTATIONS = YES;
				CLANG_WARN_DIRECT_OBJC_ISA_USAGE = YES_ERROR;
				CLANG_WARN_DOCUMENTATION_COMMENTS = YES;
				CLANG_WARN_EMPTY_BODY = YES;
				CLANG_WARN_ENUM_CONVERSION = YES;
				CLANG_WARN_INFINITE_RECURSION = YES;
				CLANG_WARN_INT_CONVERSION = YES;
				CLANG_WARN_NON_LITERAL_NULL_CONVERSION = YES;
				CLANG_WARN_OBJC_IMPLICIT_RETAIN_SELF = YES;
				CLANG_WARN_OBJC_LITERAL_CONVERSION = YES;
				CLANG_WARN_OBJC_ROOT_CLASS = YES_ERROR;
				CLANG_WARN_RANGE_LOOP_ANALYSIS = YES;
				CLANG_WARN_STRICT_PROTOTYPES = YES;
				CLANG_WARN_SUSPICIOUS_MOVE = YES;
				CLANG_WARN_UNGUARDED_AVAILABILITY = YES_AGGRESSIVE;
				CLANG_WARN_UNREACHABLE_CODE = YES;
				CLANG_WARN__DUPLICATE_METHOD_MATCH = YES;
				COPY_PHASE_STRIP = NO;
				DEBUG_INFORMATION_FORMAT = dwarf;
				ENABLE_STRICT_OBJC_MSGSEND = YES;
				ENABLE_TESTABILITY = YES;
				GCC_C_LANGUAGE_STANDARD = gnu11;
				GCC_DYNAMIC_NO_PIC = NO;
				GCC_NO_COMMON_BLOCKS = YES;
				GCC_OPTIMIZATION_LEVEL = 0;
				GCC_PREPROCESSOR_DEFINITIONS = (
					"DEBUG=1",
					"$(inherited)",
				);
				GCC_WARN_64_TO_32_BIT_CONVERSION = YES;
				GCC_WARN_ABOUT_RETURN_TYPE = YES_ERROR;
				GCC_WARN_UNDECLARED_SELECTOR = YES;
				GCC_WARN_UNINITIALIZED_AUTOS = YES_AGGRESSIVE;
				GCC_WARN_UNUSED_FUNCTION = YES;
				GCC_WARN_UNUSED_VARIABLE = YES;
				IPHONEOS_DEPLOYMENT_TARGET = 13.5;
				MTL_ENABLE_DEBUG_INFO = INCLUDE_SOURCE;
				MTL_FAST_MATH = YES;
				ONLY_ACTIVE_ARCH = YES;
				SDKROOT = iphoneos;
				SWIFT_ACTIVE_COMPILATION_CONDITIONS = DEBUG;
				SWIFT_OPTIMIZATION_LEVEL = "-Onone";
			};
			name = Debug;
		};
		8E0333D424B0639000A399D0 /* Release */ = {
			isa = XCBuildConfiguration;
			buildSettings = {
				ALWAYS_SEARCH_USER_PATHS = NO;
				CLANG_ANALYZER_NONNULL = YES;
				CLANG_ANALYZER_NUMBER_OBJECT_CONVERSION = YES_AGGRESSIVE;
				CLANG_CXX_LANGUAGE_STANDARD = "gnu++14";
				CLANG_CXX_LIBRARY = "libc++";
				CLANG_ENABLE_MODULES = YES;
				CLANG_ENABLE_OBJC_ARC = YES;
				CLANG_ENABLE_OBJC_WEAK = YES;
				CLANG_WARN_BLOCK_CAPTURE_AUTORELEASING = YES;
				CLANG_WARN_BOOL_CONVERSION = YES;
				CLANG_WARN_COMMA = YES;
				CLANG_WARN_CONSTANT_CONVERSION = YES;
				CLANG_WARN_DEPRECATED_OBJC_IMPLEMENTATIONS = YES;
				CLANG_WARN_DIRECT_OBJC_ISA_USAGE = YES_ERROR;
				CLANG_WARN_DOCUMENTATION_COMMENTS = YES;
				CLANG_WARN_EMPTY_BODY = YES;
				CLANG_WARN_ENUM_CONVERSION = YES;
				CLANG_WARN_INFINITE_RECURSION = YES;
				CLANG_WARN_INT_CONVERSION = YES;
				CLANG_WARN_NON_LITERAL_NULL_CONVERSION = YES;
				CLANG_WARN_OBJC_IMPLICIT_RETAIN_SELF = YES;
				CLANG_WARN_OBJC_LITERAL_CONVERSION = YES;
				CLANG_WARN_OBJC_ROOT_CLASS = YES_ERROR;
				CLANG_WARN_RANGE_LOOP_ANALYSIS = YES;
				CLANG_WARN_STRICT_PROTOTYPES = YES;
				CLANG_WARN_SUSPICIOUS_MOVE = YES;
				CLANG_WARN_UNGUARDED_AVAILABILITY = YES_AGGRESSIVE;
				CLANG_WARN_UNREACHABLE_CODE = YES;
				CLANG_WARN__DUPLICATE_METHOD_MATCH = YES;
				COPY_PHASE_STRIP = NO;
				DEBUG_INFORMATION_FORMAT = "dwarf-with-dsym";
				ENABLE_NS_ASSERTIONS = NO;
				ENABLE_STRICT_OBJC_MSGSEND = YES;
				GCC_C_LANGUAGE_STANDARD = gnu11;
				GCC_NO_COMMON_BLOCKS = YES;
				GCC_WARN_64_TO_32_BIT_CONVERSION = YES;
				GCC_WARN_ABOUT_RETURN_TYPE = YES_ERROR;
				GCC_WARN_UNDECLARED_SELECTOR = YES;
				GCC_WARN_UNINITIALIZED_AUTOS = YES_AGGRESSIVE;
				GCC_WARN_UNUSED_FUNCTION = YES;
				GCC_WARN_UNUSED_VARIABLE = YES;
				IPHONEOS_DEPLOYMENT_TARGET = 13.5;
				MTL_ENABLE_DEBUG_INFO = NO;
				MTL_FAST_MATH = YES;
				SDKROOT = iphoneos;
				SWIFT_COMPILATION_MODE = wholemodule;
				SWIFT_OPTIMIZATION_LEVEL = "-O";
				VALIDATE_PRODUCT = YES;
			};
			name = Release;
		};
		8E0333D624B0639000A399D0 /* Debug */ = {
			isa = XCBuildConfiguration;
			buildSettings = {
				ASSETCATALOG_COMPILER_APPICON_NAME = AppIcon;
				CODE_SIGN_STYLE = Automatic;
				DEVELOPMENT_ASSET_PATHS = "\"NGenTodo/Preview Content\"";
				ENABLE_PREVIEWS = YES;
				INFOPLIST_FILE = NGenTodo/Info.plist;
				LD_RUNPATH_SEARCH_PATHS = (
					"$(inherited)",
					"@executable_path/Frameworks",
				);
				PRODUCT_BUNDLE_IDENTIFIER = testOrg.NGenTodo;
				PRODUCT_NAME = "$(TARGET_NAME)";
				SWIFT_VERSION = 5.0;
				TARGETED_DEVICE_FAMILY = "1,2";
			};
			name = Debug;
		};
		8E0333D724B0639000A399D0 /* Release */ = {
			isa = XCBuildConfiguration;
			buildSettings = {
				ASSETCATALOG_COMPILER_APPICON_NAME = AppIcon;
				CODE_SIGN_STYLE = Automatic;
				DEVELOPMENT_ASSET_PATHS = "\"NGenTodo/Preview Content\"";
				ENABLE_PREVIEWS = YES;
				INFOPLIST_FILE = NGenTodo/Info.plist;
				LD_RUNPATH_SEARCH_PATHS = (
					"$(inherited)",
					"@executable_path/Frameworks",
				);
				PRODUCT_BUNDLE_IDENTIFIER = testOrg.NGenTodo;
				PRODUCT_NAME = "$(TARGET_NAME)";
				SWIFT_VERSION = 5.0;
				TARGETED_DEVICE_FAMILY = "1,2";
			};
			name = Release;
		};
		8E0333D924B0639000A399D0 /* Debug */ = {
			isa = XCBuildConfiguration;
			buildSettings = {
				ALWAYS_EMBED_SWIFT_STANDARD_LIBRARIES = YES;
				BUNDLE_LOADER = "$(TEST_HOST)";
				CODE_SIGN_STYLE = Automatic;
				INFOPLIST_FILE = NGenTodoTests/Info.plist;
				IPHONEOS_DEPLOYMENT_TARGET = 13.5;
				LD_RUNPATH_SEARCH_PATHS = (
					"$(inherited)",
					"@executable_path/Frameworks",
					"@loader_path/Frameworks",
				);
				PRODUCT_BUNDLE_IDENTIFIER = testOrg.NGenTodoTests;
				PRODUCT_NAME = "$(TARGET_NAME)";
				SWIFT_VERSION = 5.0;
				TARGETED_DEVICE_FAMILY = "1,2";
				TEST_HOST = "$(BUILT_PRODUCTS_DIR)/NGenTodo.app/NGenTodo";
			};
			name = Debug;
		};
		8E0333DA24B0639000A399D0 /* Release */ = {
			isa = XCBuildConfiguration;
			buildSettings = {
				ALWAYS_EMBED_SWIFT_STANDARD_LIBRARIES = YES;
				BUNDLE_LOADER = "$(TEST_HOST)";
				CODE_SIGN_STYLE = Automatic;
				INFOPLIST_FILE = NGenTodoTests/Info.plist;
				IPHONEOS_DEPLOYMENT_TARGET = 13.5;
				LD_RUNPATH_SEARCH_PATHS = (
					"$(inherited)",
					"@executable_path/Frameworks",
					"@loader_path/Frameworks",
				);
				PRODUCT_BUNDLE_IDENTIFIER = testOrg.NGenTodoTests;
				PRODUCT_NAME = "$(TARGET_NAME)";
				SWIFT_VERSION = 5.0;
				TARGETED_DEVICE_FAMILY = "1,2";
				TEST_HOST = "$(BUILT_PRODUCTS_DIR)/NGenTodo.app/NGenTodo";
			};
			name = Release;
		};
/* End XCBuildConfiguration section */

/* Begin XCConfigurationList section */
		8E0333B124B0638F00A399D0 /* Build configuration list for PBXProject "NGenTodo" */ = {
			isa = XCConfigurationList;
			buildConfigurations = (
				8E0333D324B0639000A399D0 /* Debug */,
				8E0333D424B0639000A399D0 /* Release */,
			);
			defaultConfigurationIsVisible = 0;
			defaultConfigurationName = Release;
		};
		8E0333D524B0639000A399D0 /* Build configuration list for PBXNativeTarget "NGenTodo" */ = {
			isa = XCConfigurationList;
			buildConfigurations = (
				8E0333D624B0639000A399D0 /* Debug */,
				8E0333D724B0639000A399D0 /* Release */,
			);
			defaultConfigurationIsVisible = 0;
			defaultConfigurationName = Release;
		};
		8E0333D824B0639000A399D0 /* Build configuration list for PBXNativeTarget "NGenTodoTests" */ = {
			isa = XCConfigurationList;
			buildConfigurations = (
				8E0333D924B0639000A399D0 /* Debug */,
				8E0333DA24B0639000A399D0 /* Release */,
			);
			defaultConfigurationIsVisible = 0;
			defaultConfigurationName = Release;
		};
/* End XCConfigurationList section */

/* Begin XCVersionGroup section */
		8E5351DF24B5D1A100ACBFA8 /* NGenTodo.xcdatamodeld */ = {
			isa = XCVersionGroup;
			children = (
				8E5351E024B5D1A200ACBFA8 /* Model.xcdatamodel */,
			);
			currentVersion = 8E5351E024B5D1A200ACBFA8 /* Model.xcdatamodel */;
			path = NGenTodo.xcdatamodeld;
			sourceTree = "<group>";
			versionGroupType = wrapper.xcdatamodel;
		};
/* End XCVersionGroup section */
	};
	rootObject = 8E0333AE24B0638F00A399D0 /* Project object */;
}
